
Microsoft Visual Studio Solution File, Format Version 12.00
# Visual Studio Version 17
VisualStudioVersion = 17.6.33723.286
MinimumVisualStudioVersion = 10.0.40219.1
Project("{FAE04EC0-301F-11D3-BF4B-00C04F79EFBC}") = "DigitalExchangeWebApi", "DigitalExchangeWebApi.csproj", "{CFB6FAAC-0E75-422F-8760-B6ECDBC29BCD}"
EndProject
Global
	GlobalSection(SolutionConfigurationPlatforms) = preSolution
		Debug|Any CPU = Debug|Any CPU
		Release|Any CPU = Release|Any CPU
	EndGlobalSection
	GlobalSection(ProjectConfigurationPlatforms) = postSolution
		{CFB6FAAC-0E75-422F-8760-B6ECDBC29BCD}.Debug|Any CPU.ActiveCfg = Debug|Any CPU
		{CFB6FAAC-0E75-422F-8760-B6ECDBC29BCD}.Debug|Any CPU.Build.0 = Debug|Any CPU
		{CFB6FAAC-0E75-422F-8760-B6ECDBC29BCD}.Release|Any CPU.ActiveCfg = Release|Any CPU
		{CFB6FAAC-0E75-422F-8760-B6ECDBC29BCD}.Release|Any CPU.Build.0 = Release|Any CPU
	EndGlobalSection
	GlobalSection(SolutionProperties) = preSolution
		HideSolutionNode = FALSE
	EndGlobalSection
	GlobalSection(ExtensibilityGlobals) = postSolution
		SolutionGuid = {8F1364D6-14DF-4C95-80C9-D4E11A3D2F34}
	EndGlobalSection
EndGlobal
